
Microsoft Visual Studio Solution File, Format Version 12.00
# Visual Studio Version 17
VisualStudioVersion = 17.9.34728.123
MinimumVisualStudioVersion = 10.0.40219.1
Project("{FAE04EC0-301F-11D3-BF4B-00C04F79EFBC}") = "BookProject.Web", "BookProject.Web\BookProject.Web.csproj", "{C0BCD588-D90A-4529-81D5-682E2A073516}"
EndProject
Global
	GlobalSection(SolutionConfigurationPlatforms) = preSolution
		Debug|Any CPU = Debug|Any CPU
		Release|Any CPU = Release|Any CPU
	EndGlobalSection
	GlobalSection(ProjectConfigurationPlatforms) = postSolution
		{C0BCD588-D90A-4529-81D5-682E2A073516}.Debug|Any CPU.ActiveCfg = Debug|Any CPU
		{C0BCD588-D90A-4529-81D5-682E2A073516}.Debug|Any CPU.Build.0 = Debug|Any CPU
		{C0BCD588-D90A-4529-81D5-682E2A073516}.Release|Any CPU.ActiveCfg = Release|Any CPU
		{C0BCD588-D90A-4529-81D5-682E2A073516}.Release|Any CPU.Build.0 = Release|Any CPU
	EndGlobalSection
	GlobalSection(SolutionProperties) = preSolution
		HideSolutionNode = FALSE
	EndGlobalSection
	GlobalSection(ExtensibilityGlobals) = postSolution
		SolutionGuid = {7C292D7C-16A4-4F72-8234-00FF55613DF4}
	EndGlobalSection
EndGlobal
